
Microsoft Visual Studio Solution File, Format Version 12.00
# Visual Studio Version 16
VisualStudioVersion = 16.0.31105.61
MinimumVisualStudioVersion = 10.0.40219.1
Project("{FAE04EC0-301F-11D3-BF4B-00C04F79EFBC}") = "Game-List", "Game-List\Game-List.csproj", "{C43C6B74-B4CE-4CCB-8CDA-9C00B266A51D}"
EndProject
Global
	GlobalSection(SolutionConfigurationPlatforms) = preSolution
		Debug|Any CPU = Debug|Any CPU
		Release|Any CPU = Release|Any CPU
	EndGlobalSection
	GlobalSection(ProjectConfigurationPlatforms) = postSolution
		{C43C6B74-B4CE-4CCB-8CDA-9C00B266A51D}.Debug|Any CPU.ActiveCfg = Debug|Any CPU
		{C43C6B74-B4CE-4CCB-8CDA-9C00B266A51D}.Debug|Any CPU.Build.0 = Debug|Any CPU
		{C43C6B74-B4CE-4CCB-8CDA-9C00B266A51D}.Release|Any CPU.ActiveCfg = Release|Any CPU
		{C43C6B74-B4CE-4CCB-8CDA-9C00B266A51D}.Release|Any CPU.Build.0 = Release|Any CPU
	EndGlobalSection
	GlobalSection(SolutionProperties) = preSolution
		HideSolutionNode = FALSE
	EndGlobalSection
	GlobalSection(ExtensibilityGlobals) = postSolution
		SolutionGuid = {669E0FCF-FB69-4E04-BB99-58A78CA42D70}
	EndGlobalSection
EndGlobal
